
Microsoft Visual Studio Solution File, Format Version 12.00
# Visual Studio Version 17
VisualStudioVersion = 17.9.34616.47
MinimumVisualStudioVersion = 10.0.40219.1
Project("{2150E333-8FDC-42A3-9474-1A3956D46DE8}") = "src", "src", "{45768A9A-22F8-4FDF-96CD-0E8E8736E695}"
EndProject
Project("{2150E333-8FDC-42A3-9474-1A3956D46DE8}") = "Services", "Services", "{E3B2DBDB-AC9D-44C4-9C7E-A2979D856B34}"
EndProject
Project("{2150E333-8FDC-42A3-9474-1A3956D46DE8}") = "Order", "Order", "{E0F921A3-F990-4324-8E5A-094AD3F4F164}"
EndProject
Project("{2150E333-8FDC-42A3-9474-1A3956D46DE8}") = "Inventory", "Inventory", "{6A8436A5-B992-4D88-942C-48A79FA8F0C0}"
EndProject
Project("{9A19103F-16F7-4668-BE54-9A1E7A4F7556}") = "Domain", "src\Services\Inventory\Domain\Domain.csproj", "{544C039D-0FFD-4CB8-B7CF-06E39656F301}"
EndProject
Project("{9A19103F-16F7-4668-BE54-9A1E7A4F7556}") = "Api", "src\Services\Inventory\Api\Api.csproj", "{1A309DE4-19AB-4273-B2ED-EA9BF8C87C42}"
EndProject
Project("{9A19103F-16F7-4668-BE54-9A1E7A4F7556}") = "Domain", "src\Services\Order\Domain\Domain.csproj", "{01C8C3C9-1E96-403F-BD3A-69FEEBE42387}"
EndProject
Project("{9A19103F-16F7-4668-BE54-9A1E7A4F7556}") = "Api", "src\Services\Order\Api\Api.csproj", "{AF29407D-E09A-49E9-89F8-B080E8287559}"
EndProject
Project("{2150E333-8FDC-42A3-9474-1A3956D46DE8}") = "Solution Items", "Solution Items", "{7F8EF82F-2B1D-4726-B8EA-019C2131505A}"
	ProjectSection(SolutionItems) = preProject
		Solution Items\sample-database.drawio = Solution Items\sample-database.drawio
	EndProjectSection
EndProject
Project("{E53339B2-1760-4266-BCC7-CA923CBCF16C}") = "docker-compose", "docker-compose.dcproj", "{329ACB46-3778-4B08-B9B8-9EB38EFF881A}"
EndProject
Project("{9A19103F-16F7-4668-BE54-9A1E7A4F7556}") = "Application", "src\Services\Inventory\Application\Application.csproj", "{E2089312-212C-46ED-BD4C-B1CE62D5D45B}"
EndProject
Project("{9A19103F-16F7-4668-BE54-9A1E7A4F7556}") = "Application", "src\Services\Order\Application\Application.csproj", "{51690850-F251-4D78-976B-4FDC90798FE9}"
EndProject
Project("{9A19103F-16F7-4668-BE54-9A1E7A4F7556}") = "Infrastructure", "src\Services\Inventory\Infrastructure\Infrastructure.csproj", "{64F0983C-73D7-4EA0-BF4E-3D2EFCE8A50C}"
EndProject
Project("{9A19103F-16F7-4668-BE54-9A1E7A4F7556}") = "Infrastructure", "src\Services\Order\Infrastructure\Infrastructure.csproj", "{B16C6097-78B5-4BFE-8F9E-98E1F6633C95}"
EndProject
Project("{2150E333-8FDC-42A3-9474-1A3956D46DE8}") = "Payment", "Payment", "{FC1F276B-9FC8-4D02-954C-CE1A95CA2CC9}"
EndProject
Project("{9A19103F-16F7-4668-BE54-9A1E7A4F7556}") = "Domain", "src\Services\Payment\Domain\Domain.csproj", "{EFBDAB60-71D1-4CEA-85F3-24A0E4162E8B}"
EndProject
Project("{9A19103F-16F7-4668-BE54-9A1E7A4F7556}") = "Application", "src\Services\Payment\Application\Application.csproj", "{84FA6F87-A46F-49D5-81B8-3CC0B63C8E01}"
EndProject
Project("{9A19103F-16F7-4668-BE54-9A1E7A4F7556}") = "Infrastructure", "src\Services\Payment\Infrastructure\Infrastructure.csproj", "{9A85CC51-EE6F-447E-AE1E-C1168DBF9B67}"
EndProject
Project("{9A19103F-16F7-4668-BE54-9A1E7A4F7556}") = "Api", "src\Services\Payment\Api\Api.csproj", "{04F48571-616E-40F7-8C33-A1D6D59E81C3}"
EndProject
Project("{2150E333-8FDC-42A3-9474-1A3956D46DE8}") = "BuildingBlocks", "BuildingBlocks", "{9A71ACE8-ABB8-467A-A755-A9586EDA983E}"
EndProject
Project("{9A19103F-16F7-4668-BE54-9A1E7A4F7556}") = "SharedMessage", "src\BuildingBlocks\SharedMessage\SharedMessage.csproj", "{E8A684F2-B957-459A-B267-F124F74BBE80}"
EndProject
Project("{2150E333-8FDC-42A3-9474-1A3956D46DE8}") = "User", "User", "{2CA19101-8AA9-4AC8-A8B6-DD45D4DB80F0}"
EndProject
Project("{9A19103F-16F7-4668-BE54-9A1E7A4F7556}") = "Domain", "src\Services\User\Domain\Domain.csproj", "{BCD43AE0-59BF-4C33-8F61-E02D1D980017}"
EndProject
Project("{9A19103F-16F7-4668-BE54-9A1E7A4F7556}") = "Application", "src\Services\User\Application\Application.csproj", "{7E87D5D7-01F1-4A16-82B3-FF621C301555}"
EndProject
Project("{9A19103F-16F7-4668-BE54-9A1E7A4F7556}") = "Infrastructure", "src\Services\User\Infrastructure\Infrastructure.csproj", "{862A841D-4F72-4B34-B112-7DF29F62B2FF}"
EndProject
Project("{9A19103F-16F7-4668-BE54-9A1E7A4F7556}") = "Api", "src\Services\User\Api\Api.csproj", "{EFD43071-6D22-4AEE-8C89-7BBFED6AAA26}"
EndProject
Project("{9A19103F-16F7-4668-BE54-9A1E7A4F7556}") = "SharedKernel", "src\BuildingBlocks\SharedKernel\SharedKernel.csproj", "{5FE2A742-353F-444D-8270-A99EECE331D6}"
EndProject
Global
	GlobalSection(SolutionConfigurationPlatforms) = preSolution
		Debug|Any CPU = Debug|Any CPU
		Release|Any CPU = Release|Any CPU
	EndGlobalSection
	GlobalSection(ProjectConfigurationPlatforms) = postSolution
		{544C039D-0FFD-4CB8-B7CF-06E39656F301}.Debug|Any CPU.ActiveCfg = Debug|Any CPU
		{544C039D-0FFD-4CB8-B7CF-06E39656F301}.Debug|Any CPU.Build.0 = Debug|Any CPU
		{544C039D-0FFD-4CB8-B7CF-06E39656F301}.Release|Any CPU.ActiveCfg = Release|Any CPU
		{544C039D-0FFD-4CB8-B7CF-06E39656F301}.Release|Any CPU.Build.0 = Release|Any CPU
		{1A309DE4-19AB-4273-B2ED-EA9BF8C87C42}.Debug|Any CPU.ActiveCfg = Debug|Any CPU
		{1A309DE4-19AB-4273-B2ED-EA9BF8C87C42}.Debug|Any CPU.Build.0 = Debug|Any CPU
		{1A309DE4-19AB-4273-B2ED-EA9BF8C87C42}.Release|Any CPU.ActiveCfg = Release|Any CPU
		{1A309DE4-19AB-4273-B2ED-EA9BF8C87C42}.Release|Any CPU.Build.0 = Release|Any CPU
		{01C8C3C9-1E96-403F-BD3A-69FEEBE42387}.Debug|Any CPU.ActiveCfg = Debug|Any CPU
		{01C8C3C9-1E96-403F-BD3A-69FEEBE42387}.Debug|Any CPU.Build.0 = Debug|Any CPU
		{01C8C3C9-1E96-403F-BD3A-69FEEBE42387}.Release|Any CPU.ActiveCfg = Release|Any CPU
		{01C8C3C9-1E96-403F-BD3A-69FEEBE42387}.Release|Any CPU.Build.0 = Release|Any CPU
		{AF29407D-E09A-49E9-89F8-B080E8287559}.Debug|Any CPU.ActiveCfg = Debug|Any CPU
		{AF29407D-E09A-49E9-89F8-B080E8287559}.Debug|Any CPU.Build.0 = Debug|Any CPU
		{AF29407D-E09A-49E9-89F8-B080E8287559}.Release|Any CPU.ActiveCfg = Release|Any CPU
		{AF29407D-E09A-49E9-89F8-B080E8287559}.Release|Any CPU.Build.0 = Release|Any CPU
		{329ACB46-3778-4B08-B9B8-9EB38EFF881A}.Debug|Any CPU.ActiveCfg = Debug|Any CPU
		{329ACB46-3778-4B08-B9B8-9EB38EFF881A}.Debug|Any CPU.Build.0 = Debug|Any CPU
		{329ACB46-3778-4B08-B9B8-9EB38EFF881A}.Release|Any CPU.ActiveCfg = Release|Any CPU
		{329ACB46-3778-4B08-B9B8-9EB38EFF881A}.Release|Any CPU.Build.0 = Release|Any CPU
		{E2089312-212C-46ED-BD4C-B1CE62D5D45B}.Debug|Any CPU.ActiveCfg = Debug|Any CPU
		{E2089312-212C-46ED-BD4C-B1CE62D5D45B}.Debug|Any CPU.Build.0 = Debug|Any CPU
		{E2089312-212C-46ED-BD4C-B1CE62D5D45B}.Release|Any CPU.ActiveCfg = Release|Any CPU
		{E2089312-212C-46ED-BD4C-B1CE62D5D45B}.Release|Any CPU.Build.0 = Release|Any CPU
		{51690850-F251-4D78-976B-4FDC90798FE9}.Debug|Any CPU.ActiveCfg = Debug|Any CPU
		{51690850-F251-4D78-976B-4FDC90798FE9}.Debug|Any CPU.Build.0 = Debug|Any CPU
		{51690850-F251-4D78-976B-4FDC90798FE9}.Release|Any CPU.ActiveCfg = Release|Any CPU
		{51690850-F251-4D78-976B-4FDC90798FE9}.Release|Any CPU.Build.0 = Release|Any CPU
		{64F0983C-73D7-4EA0-BF4E-3D2EFCE8A50C}.Debug|Any CPU.ActiveCfg = Debug|Any CPU
		{64F0983C-73D7-4EA0-BF4E-3D2EFCE8A50C}.Debug|Any CPU.Build.0 = Debug|Any CPU
		{64F0983C-73D7-4EA0-BF4E-3D2EFCE8A50C}.Release|Any CPU.ActiveCfg = Release|Any CPU
		{64F0983C-73D7-4EA0-BF4E-3D2EFCE8A50C}.Release|Any CPU.Build.0 = Release|Any CPU
		{B16C6097-78B5-4BFE-8F9E-98E1F6633C95}.Debug|Any CPU.ActiveCfg = Debug|Any CPU
		{B16C6097-78B5-4BFE-8F9E-98E1F6633C95}.Debug|Any CPU.Build.0 = Debug|Any CPU
		{B16C6097-78B5-4BFE-8F9E-98E1F6633C95}.Release|Any CPU.ActiveCfg = Release|Any CPU
		{B16C6097-78B5-4BFE-8F9E-98E1F6633C95}.Release|Any CPU.Build.0 = Release|Any CPU
		{EFBDAB60-71D1-4CEA-85F3-24A0E4162E8B}.Debug|Any CPU.ActiveCfg = Debug|Any CPU
		{EFBDAB60-71D1-4CEA-85F3-24A0E4162E8B}.Debug|Any CPU.Build.0 = Debug|Any CPU
		{EFBDAB60-71D1-4CEA-85F3-24A0E4162E8B}.Release|Any CPU.ActiveCfg = Release|Any CPU
		{EFBDAB60-71D1-4CEA-85F3-24A0E4162E8B}.Release|Any CPU.Build.0 = Release|Any CPU
		{84FA6F87-A46F-49D5-81B8-3CC0B63C8E01}.Debug|Any CPU.ActiveCfg = Debug|Any CPU
		{84FA6F87-A46F-49D5-81B8-3CC0B63C8E01}.Debug|Any CPU.Build.0 = Debug|Any CPU
		{84FA6F87-A46F-49D5-81B8-3CC0B63C8E01}.Release|Any CPU.ActiveCfg = Release|Any CPU
		{84FA6F87-A46F-49D5-81B8-3CC0B63C8E01}.Release|Any CPU.Build.0 = Release|Any CPU
		{9A85CC51-EE6F-447E-AE1E-C1168DBF9B67}.Debug|Any CPU.ActiveCfg = Debug|Any CPU
		{9A85CC51-EE6F-447E-AE1E-C1168DBF9B67}.Debug|Any CPU.Build.0 = Debug|Any CPU
		{9A85CC51-EE6F-447E-AE1E-C1168DBF9B67}.Release|Any CPU.ActiveCfg = Release|Any CPU
		{9A85CC51-EE6F-447E-AE1E-C1168DBF9B67}.Release|Any CPU.Build.0 = Release|Any CPU
		{04F48571-616E-40F7-8C33-A1D6D59E81C3}.Debug|Any CPU.ActiveCfg = Debug|Any CPU
		{04F48571-616E-40F7-8C33-A1D6D59E81C3}.Debug|Any CPU.Build.0 = Debug|Any CPU
		{04F48571-616E-40F7-8C33-A1D6D59E81C3}.Release|Any CPU.ActiveCfg = Release|Any CPU
		{04F48571-616E-40F7-8C33-A1D6D59E81C3}.Release|Any CPU.Build.0 = Release|Any CPU
		{E8A684F2-B957-459A-B267-F124F74BBE80}.Debug|Any CPU.ActiveCfg = Debug|Any CPU
		{E8A684F2-B957-459A-B267-F124F74BBE80}.Debug|Any CPU.Build.0 = Debug|Any CPU
		{E8A684F2-B957-459A-B267-F124F74BBE80}.Release|Any CPU.ActiveCfg = Release|Any CPU
		{E8A684F2-B957-459A-B267-F124F74BBE80}.Release|Any CPU.Build.0 = Release|Any CPU
		{BCD43AE0-59BF-4C33-8F61-E02D1D980017}.Debug|Any CPU.ActiveCfg = Debug|Any CPU
		{BCD43AE0-59BF-4C33-8F61-E02D1D980017}.Debug|Any CPU.Build.0 = Debug|Any CPU
		{BCD43AE0-59BF-4C33-8F61-E02D1D980017}.Release|Any CPU.ActiveCfg = Release|Any CPU
		{BCD43AE0-59BF-4C33-8F61-E02D1D980017}.Release|Any CPU.Build.0 = Release|Any CPU
		{7E87D5D7-01F1-4A16-82B3-FF621C301555}.Debug|Any CPU.ActiveCfg = Debug|Any CPU
		{7E87D5D7-01F1-4A16-82B3-FF621C301555}.Debug|Any CPU.Build.0 = Debug|Any CPU
		{7E87D5D7-01F1-4A16-82B3-FF621C301555}.Release|Any CPU.ActiveCfg = Release|Any CPU
		{7E87D5D7-01F1-4A16-82B3-FF621C301555}.Release|Any CPU.Build.0 = Release|Any CPU
		{862A841D-4F72-4B34-B112-7DF29F62B2FF}.Debug|Any CPU.ActiveCfg = Debug|Any CPU
		{862A841D-4F72-4B34-B112-7DF29F62B2FF}.Debug|Any CPU.Build.0 = Debug|Any CPU
		{862A841D-4F72-4B34-B112-7DF29F62B2FF}.Release|Any CPU.ActiveCfg = Release|Any CPU
		{862A841D-4F72-4B34-B112-7DF29F62B2FF}.Release|Any CPU.Build.0 = Release|Any CPU
		{EFD43071-6D22-4AEE-8C89-7BBFED6AAA26}.Debug|Any CPU.ActiveCfg = Debug|Any CPU
		{EFD43071-6D22-4AEE-8C89-7BBFED6AAA26}.Debug|Any CPU.Build.0 = Debug|Any CPU
		{EFD43071-6D22-4AEE-8C89-7BBFED6AAA26}.Release|Any CPU.ActiveCfg = Release|Any CPU
		{EFD43071-6D22-4AEE-8C89-7BBFED6AAA26}.Release|Any CPU.Build.0 = Release|Any CPU
		{5FE2A742-353F-444D-8270-A99EECE331D6}.Debug|Any CPU.ActiveCfg = Debug|Any CPU
		{5FE2A742-353F-444D-8270-A99EECE331D6}.Debug|Any CPU.Build.0 = Debug|Any CPU
		{5FE2A742-353F-444D-8270-A99EECE331D6}.Release|Any CPU.ActiveCfg = Release|Any CPU
		{5FE2A742-353F-444D-8270-A99EECE331D6}.Release|Any CPU.Build.0 = Release|Any CPU
	EndGlobalSection
	GlobalSection(SolutionProperties) = preSolution
		HideSolutionNode = FALSE
	EndGlobalSection
	GlobalSection(NestedProjects) = preSolution
		{E3B2DBDB-AC9D-44C4-9C7E-A2979D856B34} = {45768A9A-22F8-4FDF-96CD-0E8E8736E695}
		{E0F921A3-F990-4324-8E5A-094AD3F4F164} = {E3B2DBDB-AC9D-44C4-9C7E-A2979D856B34}
		{6A8436A5-B992-4D88-942C-48A79FA8F0C0} = {E3B2DBDB-AC9D-44C4-9C7E-A2979D856B34}
		{544C039D-0FFD-4CB8-B7CF-06E39656F301} = {6A8436A5-B992-4D88-942C-48A79FA8F0C0}
		{1A309DE4-19AB-4273-B2ED-EA9BF8C87C42} = {6A8436A5-B992-4D88-942C-48A79FA8F0C0}
		{01C8C3C9-1E96-403F-BD3A-69FEEBE42387} = {E0F921A3-F990-4324-8E5A-094AD3F4F164}
		{AF29407D-E09A-49E9-89F8-B080E8287559} = {E0F921A3-F990-4324-8E5A-094AD3F4F164}
		{E2089312-212C-46ED-BD4C-B1CE62D5D45B} = {6A8436A5-B992-4D88-942C-48A79FA8F0C0}
		{51690850-F251-4D78-976B-4FDC90798FE9} = {E0F921A3-F990-4324-8E5A-094AD3F4F164}
		{64F0983C-73D7-4EA0-BF4E-3D2EFCE8A50C} = {6A8436A5-B992-4D88-942C-48A79FA8F0C0}
		{B16C6097-78B5-4BFE-8F9E-98E1F6633C95} = {E0F921A3-F990-4324-8E5A-094AD3F4F164}
		{FC1F276B-9FC8-4D02-954C-CE1A95CA2CC9} = {E3B2DBDB-AC9D-44C4-9C7E-A2979D856B34}
		{EFBDAB60-71D1-4CEA-85F3-24A0E4162E8B} = {FC1F276B-9FC8-4D02-954C-CE1A95CA2CC9}
		{84FA6F87-A46F-49D5-81B8-3CC0B63C8E01} = {FC1F276B-9FC8-4D02-954C-CE1A95CA2CC9}
		{9A85CC51-EE6F-447E-AE1E-C1168DBF9B67} = {FC1F276B-9FC8-4D02-954C-CE1A95CA2CC9}
		{04F48571-616E-40F7-8C33-A1D6D59E81C3} = {FC1F276B-9FC8-4D02-954C-CE1A95CA2CC9}
		{9A71ACE8-ABB8-467A-A755-A9586EDA983E} = {45768A9A-22F8-4FDF-96CD-0E8E8736E695}
		{E8A684F2-B957-459A-B267-F124F74BBE80} = {9A71ACE8-ABB8-467A-A755-A9586EDA983E}
		{2CA19101-8AA9-4AC8-A8B6-DD45D4DB80F0} = {E3B2DBDB-AC9D-44C4-9C7E-A2979D856B34}
		{BCD43AE0-59BF-4C33-8F61-E02D1D980017} = {2CA19101-8AA9-4AC8-A8B6-DD45D4DB80F0}
		{7E87D5D7-01F1-4A16-82B3-FF621C301555} = {2CA19101-8AA9-4AC8-A8B6-DD45D4DB80F0}
		{862A841D-4F72-4B34-B112-7DF29F62B2FF} = {2CA19101-8AA9-4AC8-A8B6-DD45D4DB80F0}
		{EFD43071-6D22-4AEE-8C89-7BBFED6AAA26} = {2CA19101-8AA9-4AC8-A8B6-DD45D4DB80F0}
		{5FE2A742-353F-444D-8270-A99EECE331D6} = {9A71ACE8-ABB8-467A-A755-A9586EDA983E}
	EndGlobalSection
	GlobalSection(ExtensibilityGlobals) = postSolution
		SolutionGuid = {7D6B6A5B-FDC1-4B10-BFF5-B44DF76193E7}
	EndGlobalSection
EndGlobal
